
Microsoft Visual Studio Solution File, Format Version 12.00
# Visual Studio Version 17
VisualStudioVersion = 17.1.32421.90
MinimumVisualStudioVersion = 10.0.40219.1
Project("{F184B08F-C81C-45F6-A57F-5ABD9991F28F}") = "vb_mysql", "vb_mysql.vbproj", "{E81FBEFD-6552-4AC8-80AB-BDB7A12CD81D}"
EndProject
Global
	GlobalSection(SolutionConfigurationPlatforms) = preSolution
		Debug|Any CPU = Debug|Any CPU
		Release|Any CPU = Release|Any CPU
	EndGlobalSection
	GlobalSection(ProjectConfigurationPlatforms) = postSolution
		{E81FBEFD-6552-4AC8-80AB-BDB7A12CD81D}.Debug|Any CPU.ActiveCfg = Debug|Any CPU
		{E81FBEFD-6552-4AC8-80AB-BDB7A12CD81D}.Debug|Any CPU.Build.0 = Debug|Any CPU
		{E81FBEFD-6552-4AC8-80AB-BDB7A12CD81D}.Release|Any CPU.ActiveCfg = Release|Any CPU
		{E81FBEFD-6552-4AC8-80AB-BDB7A12CD81D}.Release|Any CPU.Build.0 = Release|Any CPU
	EndGlobalSection
	GlobalSection(SolutionProperties) = preSolution
		HideSolutionNode = FALSE
	EndGlobalSection
	GlobalSection(ExtensibilityGlobals) = postSolution
		SolutionGuid = {3C0714AA-ED89-4E8F-BD69-81D7EB30B01B}
	EndGlobalSection
EndGlobal
